
Microsoft Visual Studio Solution File, Format Version 11.00
# Visual Studio 2010
Project("{2150E333-8FDC-42A3-9474-1A3956D46DE8}") = "NEsper", "NEsper", "{95E9EDF6-03F2-4AA3-A218-ACDAEFA0C2E8}"
EndProject
Project("{FAE04EC0-301F-11D3-BF4B-00C04F79EFBC}") = "CGLib", "..\NEsper-4.1\CGLib\CGLib.csproj", "{C05D6633-77BF-4985-80F9-EE4F03BAC83E}"
EndProject
Project("{FAE04EC0-301F-11D3-BF4B-00C04F79EFBC}") = "NEsper", "..\NEsper-4.1\NEsper\NEsper\NEsper.csproj", "{8376DC7A-06AC-40F1-9338-9AC5AF788356}"
EndProject
Project("{FAE04EC0-301F-11D3-BF4B-00C04F79EFBC}") = "NEsper.Runtime", "..\NEsper-4.1\NEsper\NEsper.Runtime\NEsper.Runtime.csproj", "{D7A8B523-B181-4954-B32B-2E1EEB42989A}"
EndProject
Project("{2150E333-8FDC-42A3-9474-1A3956D46DE8}") = "NEsper.Catalyst", "NEsper.Catalyst", "{C9887B49-E1D0-4086-ADB7-643A845F0FEA}"
EndProject
Project("{FAE04EC0-301F-11D3-BF4B-00C04F79EFBC}") = "NEsper.Catalyst", "NEsper.Catalyst\NEsper.Catalyst.csproj", "{659B2DDB-2FD9-4EA6-8B9B-8E95EA284B2D}"
EndProject
Project("{FAE04EC0-301F-11D3-BF4B-00C04F79EFBC}") = "NEsper.Catalyst.Common", "NEsper.Catalyst.Common\NEsper.Catalyst.Common.csproj", "{46EFFBBE-CB91-4A99-A61F-207C3D58DFD7}"
EndProject
Project("{FAE04EC0-301F-11D3-BF4B-00C04F79EFBC}") = "NEsper.Catalyst.Client", "NEsper.Catalyst.Client\NEsper.Catalyst.Client.csproj", "{010127CC-47A6-449E-B5BE-E7AF23BE92DF}"
EndProject
Project("{FAE04EC0-301F-11D3-BF4B-00C04F79EFBC}") = "NEsper.Catalyst.SampleClient", "NEsper.Catalyst.SampleClient\NEsper.Catalyst.SampleClient.csproj", "{3767E617-BC63-410E-B89C-792E889B20A8}"
EndProject
Global
	GlobalSection(SolutionConfigurationPlatforms) = preSolution
		Debug|Any CPU = Debug|Any CPU
		Debug|x64 = Debug|x64
		Debug|x86 = Debug|x86
		Release|Any CPU = Release|Any CPU
		Release|x64 = Release|x64
		Release|x86 = Release|x86
	EndGlobalSection
	GlobalSection(ProjectConfigurationPlatforms) = postSolution
		{659B2DDB-2FD9-4EA6-8B9B-8E95EA284B2D}.Debug|Any CPU.ActiveCfg = Debug|Any CPU
		{659B2DDB-2FD9-4EA6-8B9B-8E95EA284B2D}.Debug|Any CPU.Build.0 = Debug|Any CPU
		{659B2DDB-2FD9-4EA6-8B9B-8E95EA284B2D}.Debug|x64.ActiveCfg = Debug|x64
		{659B2DDB-2FD9-4EA6-8B9B-8E95EA284B2D}.Debug|x64.Build.0 = Debug|x64
		{659B2DDB-2FD9-4EA6-8B9B-8E95EA284B2D}.Debug|x86.ActiveCfg = Debug|x86
		{659B2DDB-2FD9-4EA6-8B9B-8E95EA284B2D}.Debug|x86.Build.0 = Debug|x86
		{659B2DDB-2FD9-4EA6-8B9B-8E95EA284B2D}.Release|Any CPU.ActiveCfg = Release|Any CPU
		{659B2DDB-2FD9-4EA6-8B9B-8E95EA284B2D}.Release|Any CPU.Build.0 = Release|Any CPU
		{659B2DDB-2FD9-4EA6-8B9B-8E95EA284B2D}.Release|x64.ActiveCfg = Release|x64
		{659B2DDB-2FD9-4EA6-8B9B-8E95EA284B2D}.Release|x64.Build.0 = Release|x64
		{659B2DDB-2FD9-4EA6-8B9B-8E95EA284B2D}.Release|x86.ActiveCfg = Release|x86
		{659B2DDB-2FD9-4EA6-8B9B-8E95EA284B2D}.Release|x86.Build.0 = Release|x86
		{46EFFBBE-CB91-4A99-A61F-207C3D58DFD7}.Debug|Any CPU.ActiveCfg = Debug|Any CPU
		{46EFFBBE-CB91-4A99-A61F-207C3D58DFD7}.Debug|Any CPU.Build.0 = Debug|Any CPU
		{46EFFBBE-CB91-4A99-A61F-207C3D58DFD7}.Debug|x64.ActiveCfg = Debug|x64
		{46EFFBBE-CB91-4A99-A61F-207C3D58DFD7}.Debug|x64.Build.0 = Debug|x64
		{46EFFBBE-CB91-4A99-A61F-207C3D58DFD7}.Debug|x86.ActiveCfg = Debug|x86
		{46EFFBBE-CB91-4A99-A61F-207C3D58DFD7}.Debug|x86.Build.0 = Debug|x86
		{46EFFBBE-CB91-4A99-A61F-207C3D58DFD7}.Release|Any CPU.ActiveCfg = Release|Any CPU
		{46EFFBBE-CB91-4A99-A61F-207C3D58DFD7}.Release|Any CPU.Build.0 = Release|Any CPU
		{46EFFBBE-CB91-4A99-A61F-207C3D58DFD7}.Release|x64.ActiveCfg = Release|x64
		{46EFFBBE-CB91-4A99-A61F-207C3D58DFD7}.Release|x64.Build.0 = Release|x64
		{46EFFBBE-CB91-4A99-A61F-207C3D58DFD7}.Release|x86.ActiveCfg = Release|x86
		{46EFFBBE-CB91-4A99-A61F-207C3D58DFD7}.Release|x86.Build.0 = Release|x86
		{C05D6633-77BF-4985-80F9-EE4F03BAC83E}.Debug|Any CPU.ActiveCfg = Debug|Any CPU
		{C05D6633-77BF-4985-80F9-EE4F03BAC83E}.Debug|Any CPU.Build.0 = Debug|Any CPU
		{C05D6633-77BF-4985-80F9-EE4F03BAC83E}.Debug|x64.ActiveCfg = Debug|x64
		{C05D6633-77BF-4985-80F9-EE4F03BAC83E}.Debug|x64.Build.0 = Debug|x64
		{C05D6633-77BF-4985-80F9-EE4F03BAC83E}.Debug|x86.ActiveCfg = Debug|x86
		{C05D6633-77BF-4985-80F9-EE4F03BAC83E}.Debug|x86.Build.0 = Debug|x86
		{C05D6633-77BF-4985-80F9-EE4F03BAC83E}.Release|Any CPU.ActiveCfg = Release|Any CPU
		{C05D6633-77BF-4985-80F9-EE4F03BAC83E}.Release|Any CPU.Build.0 = Release|Any CPU
		{C05D6633-77BF-4985-80F9-EE4F03BAC83E}.Release|x64.ActiveCfg = Release|x64
		{C05D6633-77BF-4985-80F9-EE4F03BAC83E}.Release|x64.Build.0 = Release|x64
		{C05D6633-77BF-4985-80F9-EE4F03BAC83E}.Release|x86.ActiveCfg = Release|x86
		{C05D6633-77BF-4985-80F9-EE4F03BAC83E}.Release|x86.Build.0 = Release|x86
		{8376DC7A-06AC-40F1-9338-9AC5AF788356}.Debug|Any CPU.ActiveCfg = Debug|Any CPU
		{8376DC7A-06AC-40F1-9338-9AC5AF788356}.Debug|Any CPU.Build.0 = Debug|Any CPU
		{8376DC7A-06AC-40F1-9338-9AC5AF788356}.Debug|x64.ActiveCfg = Debug|x64
		{8376DC7A-06AC-40F1-9338-9AC5AF788356}.Debug|x64.Build.0 = Debug|x64
		{8376DC7A-06AC-40F1-9338-9AC5AF788356}.Debug|x86.ActiveCfg = Debug|x86
		{8376DC7A-06AC-40F1-9338-9AC5AF788356}.Debug|x86.Build.0 = Debug|x86
		{8376DC7A-06AC-40F1-9338-9AC5AF788356}.Release|Any CPU.ActiveCfg = Release|Any CPU
		{8376DC7A-06AC-40F1-9338-9AC5AF788356}.Release|Any CPU.Build.0 = Release|Any CPU
		{8376DC7A-06AC-40F1-9338-9AC5AF788356}.Release|x64.ActiveCfg = Release|x64
		{8376DC7A-06AC-40F1-9338-9AC5AF788356}.Release|x64.Build.0 = Release|x64
		{8376DC7A-06AC-40F1-9338-9AC5AF788356}.Release|x86.ActiveCfg = Release|x86
		{8376DC7A-06AC-40F1-9338-9AC5AF788356}.Release|x86.Build.0 = Release|x86
		{D7A8B523-B181-4954-B32B-2E1EEB42989A}.Debug|Any CPU.ActiveCfg = Debug|Any CPU
		{D7A8B523-B181-4954-B32B-2E1EEB42989A}.Debug|Any CPU.Build.0 = Debug|Any CPU
		{D7A8B523-B181-4954-B32B-2E1EEB42989A}.Debug|x64.ActiveCfg = Debug|x64
		{D7A8B523-B181-4954-B32B-2E1EEB42989A}.Debug|x64.Build.0 = Debug|x64
		{D7A8B523-B181-4954-B32B-2E1EEB42989A}.Debug|x86.ActiveCfg = Debug|x86
		{D7A8B523-B181-4954-B32B-2E1EEB42989A}.Debug|x86.Build.0 = Debug|x86
		{D7A8B523-B181-4954-B32B-2E1EEB42989A}.Release|Any CPU.ActiveCfg = Release|Any CPU
		{D7A8B523-B181-4954-B32B-2E1EEB42989A}.Release|Any CPU.Build.0 = Release|Any CPU
		{D7A8B523-B181-4954-B32B-2E1EEB42989A}.Release|x64.ActiveCfg = Release|x64
		{D7A8B523-B181-4954-B32B-2E1EEB42989A}.Release|x64.Build.0 = Release|x64
		{D7A8B523-B181-4954-B32B-2E1EEB42989A}.Release|x86.ActiveCfg = Release|x86
		{D7A8B523-B181-4954-B32B-2E1EEB42989A}.Release|x86.Build.0 = Release|x86
		{010127CC-47A6-449E-B5BE-E7AF23BE92DF}.Debug|Any CPU.ActiveCfg = Debug|Any CPU
		{010127CC-47A6-449E-B5BE-E7AF23BE92DF}.Debug|Any CPU.Build.0 = Debug|Any CPU
		{010127CC-47A6-449E-B5BE-E7AF23BE92DF}.Debug|x64.ActiveCfg = Debug|x64
		{010127CC-47A6-449E-B5BE-E7AF23BE92DF}.Debug|x64.Build.0 = Debug|x64
		{010127CC-47A6-449E-B5BE-E7AF23BE92DF}.Debug|x86.ActiveCfg = Debug|x86
		{010127CC-47A6-449E-B5BE-E7AF23BE92DF}.Debug|x86.Build.0 = Debug|x86
		{010127CC-47A6-449E-B5BE-E7AF23BE92DF}.Release|Any CPU.ActiveCfg = Release|Any CPU
		{010127CC-47A6-449E-B5BE-E7AF23BE92DF}.Release|Any CPU.Build.0 = Release|Any CPU
		{010127CC-47A6-449E-B5BE-E7AF23BE92DF}.Release|x64.ActiveCfg = Release|x64
		{010127CC-47A6-449E-B5BE-E7AF23BE92DF}.Release|x64.Build.0 = Release|x64
		{010127CC-47A6-449E-B5BE-E7AF23BE92DF}.Release|x86.ActiveCfg = Release|x86
		{010127CC-47A6-449E-B5BE-E7AF23BE92DF}.Release|x86.Build.0 = Release|x86
		{3767E617-BC63-410E-B89C-792E889B20A8}.Debug|Any CPU.ActiveCfg = Debug|Any CPU
		{3767E617-BC63-410E-B89C-792E889B20A8}.Debug|Any CPU.Build.0 = Debug|Any CPU
		{3767E617-BC63-410E-B89C-792E889B20A8}.Debug|x64.ActiveCfg = Debug|x64
		{3767E617-BC63-410E-B89C-792E889B20A8}.Debug|x64.Build.0 = Debug|x64
		{3767E617-BC63-410E-B89C-792E889B20A8}.Debug|x86.ActiveCfg = Debug|x86
		{3767E617-BC63-410E-B89C-792E889B20A8}.Debug|x86.Build.0 = Debug|x86
		{3767E617-BC63-410E-B89C-792E889B20A8}.Release|Any CPU.ActiveCfg = Release|Any CPU
		{3767E617-BC63-410E-B89C-792E889B20A8}.Release|Any CPU.Build.0 = Release|Any CPU
		{3767E617-BC63-410E-B89C-792E889B20A8}.Release|x64.ActiveCfg = Release|x64
		{3767E617-BC63-410E-B89C-792E889B20A8}.Release|x64.Build.0 = Release|x64
		{3767E617-BC63-410E-B89C-792E889B20A8}.Release|x86.ActiveCfg = Release|x86
		{3767E617-BC63-410E-B89C-792E889B20A8}.Release|x86.Build.0 = Release|x86
	EndGlobalSection
	GlobalSection(SolutionProperties) = preSolution
		HideSolutionNode = FALSE
	EndGlobalSection
	GlobalSection(NestedProjects) = preSolution
		{659B2DDB-2FD9-4EA6-8B9B-8E95EA284B2D} = {C9887B49-E1D0-4086-ADB7-643A845F0FEA}
		{46EFFBBE-CB91-4A99-A61F-207C3D58DFD7} = {C9887B49-E1D0-4086-ADB7-643A845F0FEA}
		{010127CC-47A6-449E-B5BE-E7AF23BE92DF} = {C9887B49-E1D0-4086-ADB7-643A845F0FEA}
		{3767E617-BC63-410E-B89C-792E889B20A8} = {C9887B49-E1D0-4086-ADB7-643A845F0FEA}
		{C05D6633-77BF-4985-80F9-EE4F03BAC83E} = {95E9EDF6-03F2-4AA3-A218-ACDAEFA0C2E8}
		{8376DC7A-06AC-40F1-9338-9AC5AF788356} = {95E9EDF6-03F2-4AA3-A218-ACDAEFA0C2E8}
		{D7A8B523-B181-4954-B32B-2E1EEB42989A} = {95E9EDF6-03F2-4AA3-A218-ACDAEFA0C2E8}
	EndGlobalSection
EndGlobal
